
Microsoft Visual Studio Solution File, Format Version 12.00
# Visual Studio Version 17
VisualStudioVersion = 17.0.32112.339
MinimumVisualStudioVersion = 10.0.40219.1
Project("{FAE04EC0-301F-11D3-BF4B-00C04F79EFBC}") = "ExPoo11", "ExPoo11\ExPoo11.csproj", "{2EC5948E-D9F0-44BB-B024-3F200012783C}"
EndProject
Global
	GlobalSection(SolutionConfigurationPlatforms) = preSolution
		Debug|Any CPU = Debug|Any CPU
		Release|Any CPU = Release|Any CPU
	EndGlobalSection
	GlobalSection(ProjectConfigurationPlatforms) = postSolution
		{2EC5948E-D9F0-44BB-B024-3F200012783C}.Debug|Any CPU.ActiveCfg = Debug|Any CPU
		{2EC5948E-D9F0-44BB-B024-3F200012783C}.Debug|Any CPU.Build.0 = Debug|Any CPU
		{2EC5948E-D9F0-44BB-B024-3F200012783C}.Release|Any CPU.ActiveCfg = Release|Any CPU
		{2EC5948E-D9F0-44BB-B024-3F200012783C}.Release|Any CPU.Build.0 = Release|Any CPU
	EndGlobalSection
	GlobalSection(SolutionProperties) = preSolution
		HideSolutionNode = FALSE
	EndGlobalSection
	GlobalSection(ExtensibilityGlobals) = postSolution
		SolutionGuid = {2E8BC29F-2AD2-43A0-A23E-D01DC7ABE50C}
	EndGlobalSection
EndGlobal
