
Microsoft Visual Studio Solution File, Format Version 12.00
# Visual Studio Version 17
VisualStudioVersion = 17.0.32112.339
MinimumVisualStudioVersion = 10.0.40219.1
Project("{FAE04EC0-301F-11D3-BF4B-00C04F79EFBC}") = "IntroPoo", "IntroPoo\IntroPoo.csproj", "{6D752F9E-91F7-435C-BB5E-6DBF4666B598}"
EndProject
Global
	GlobalSection(SolutionConfigurationPlatforms) = preSolution
		Debug|Any CPU = Debug|Any CPU
		Release|Any CPU = Release|Any CPU
	EndGlobalSection
	GlobalSection(ProjectConfigurationPlatforms) = postSolution
		{6D752F9E-91F7-435C-BB5E-6DBF4666B598}.Debug|Any CPU.ActiveCfg = Debug|Any CPU
		{6D752F9E-91F7-435C-BB5E-6DBF4666B598}.Debug|Any CPU.Build.0 = Debug|Any CPU
		{6D752F9E-91F7-435C-BB5E-6DBF4666B598}.Release|Any CPU.ActiveCfg = Release|Any CPU
		{6D752F9E-91F7-435C-BB5E-6DBF4666B598}.Release|Any CPU.Build.0 = Release|Any CPU
	EndGlobalSection
	GlobalSection(SolutionProperties) = preSolution
		HideSolutionNode = FALSE
	EndGlobalSection
	GlobalSection(ExtensibilityGlobals) = postSolution
		SolutionGuid = {44D1337F-80CC-43E2-8187-592CB7B9C0AA}
	EndGlobalSection
EndGlobal
