
Microsoft Visual Studio Solution File, Format Version 12.00
# Visual Studio Version 17
VisualStudioVersion = 17.1.32210.238
MinimumVisualStudioVersion = 10.0.40219.1
Project("{FAE04EC0-301F-11D3-BF4B-00C04F79EFBC}") = "ExPoo16", "ExPoo16\ExPoo16.csproj", "{424376F1-2389-4CA7-8A56-AC9B149F1CBC}"
EndProject
Global
	GlobalSection(SolutionConfigurationPlatforms) = preSolution
		Debug|Any CPU = Debug|Any CPU
		Release|Any CPU = Release|Any CPU
	EndGlobalSection
	GlobalSection(ProjectConfigurationPlatforms) = postSolution
		{424376F1-2389-4CA7-8A56-AC9B149F1CBC}.Debug|Any CPU.ActiveCfg = Debug|Any CPU
		{424376F1-2389-4CA7-8A56-AC9B149F1CBC}.Debug|Any CPU.Build.0 = Debug|Any CPU
		{424376F1-2389-4CA7-8A56-AC9B149F1CBC}.Release|Any CPU.ActiveCfg = Release|Any CPU
		{424376F1-2389-4CA7-8A56-AC9B149F1CBC}.Release|Any CPU.Build.0 = Release|Any CPU
	EndGlobalSection
	GlobalSection(SolutionProperties) = preSolution
		HideSolutionNode = FALSE
	EndGlobalSection
	GlobalSection(ExtensibilityGlobals) = postSolution
		SolutionGuid = {1BB194D0-7BA5-4658-BEE5-F65504960C59}
	EndGlobalSection
EndGlobal
