
Microsoft Visual Studio Solution File, Format Version 12.00
# Visual Studio Version 17
VisualStudioVersion = 17.0.32112.339
MinimumVisualStudioVersion = 10.0.40219.1
Project("{FAE04EC0-301F-11D3-BF4B-00C04F79EFBC}") = "ExercicioPoo5", "ExercicioPoo5\ExercicioPoo5.csproj", "{E7A52292-87EF-45BB-B7C6-6363C136108C}"
EndProject
Global
	GlobalSection(SolutionConfigurationPlatforms) = preSolution
		Debug|Any CPU = Debug|Any CPU
		Release|Any CPU = Release|Any CPU
	EndGlobalSection
	GlobalSection(ProjectConfigurationPlatforms) = postSolution
		{E7A52292-87EF-45BB-B7C6-6363C136108C}.Debug|Any CPU.ActiveCfg = Debug|Any CPU
		{E7A52292-87EF-45BB-B7C6-6363C136108C}.Debug|Any CPU.Build.0 = Debug|Any CPU
		{E7A52292-87EF-45BB-B7C6-6363C136108C}.Release|Any CPU.ActiveCfg = Release|Any CPU
		{E7A52292-87EF-45BB-B7C6-6363C136108C}.Release|Any CPU.Build.0 = Release|Any CPU
	EndGlobalSection
	GlobalSection(SolutionProperties) = preSolution
		HideSolutionNode = FALSE
	EndGlobalSection
	GlobalSection(ExtensibilityGlobals) = postSolution
		SolutionGuid = {CDD53B2C-6A74-4801-8CA5-8258B889ED4B}
	EndGlobalSection
EndGlobal
