
Microsoft Visual Studio Solution File, Format Version 12.00
# Visual Studio Version 17
VisualStudioVersion = 17.0.32112.339
MinimumVisualStudioVersion = 10.0.40219.1
Project("{FAE04EC0-301F-11D3-BF4B-00C04F79EFBC}") = "ExPoo8", "ExPoo8\ExPoo8.csproj", "{FBFEAB61-E291-4DD4-B52F-39CB6F118B56}"
EndProject
Global
	GlobalSection(SolutionConfigurationPlatforms) = preSolution
		Debug|Any CPU = Debug|Any CPU
		Release|Any CPU = Release|Any CPU
	EndGlobalSection
	GlobalSection(ProjectConfigurationPlatforms) = postSolution
		{FBFEAB61-E291-4DD4-B52F-39CB6F118B56}.Debug|Any CPU.ActiveCfg = Debug|Any CPU
		{FBFEAB61-E291-4DD4-B52F-39CB6F118B56}.Debug|Any CPU.Build.0 = Debug|Any CPU
		{FBFEAB61-E291-4DD4-B52F-39CB6F118B56}.Release|Any CPU.ActiveCfg = Release|Any CPU
		{FBFEAB61-E291-4DD4-B52F-39CB6F118B56}.Release|Any CPU.Build.0 = Release|Any CPU
	EndGlobalSection
	GlobalSection(SolutionProperties) = preSolution
		HideSolutionNode = FALSE
	EndGlobalSection
	GlobalSection(ExtensibilityGlobals) = postSolution
		SolutionGuid = {9B77DE60-E70A-41D8-9D44-76E6A8BB99DD}
	EndGlobalSection
EndGlobal
