
Microsoft Visual Studio Solution File, Format Version 12.00
# Visual Studio Version 17
VisualStudioVersion = 17.0.32112.339
MinimumVisualStudioVersion = 10.0.40219.1
Project("{FAE04EC0-301F-11D3-BF4B-00C04F79EFBC}") = "Cond_Rep", "Cond_Rep\Cond_Rep.csproj", "{9D36E981-9824-4EE5-9C4B-0DC7C4C6ED88}"
EndProject
Global
	GlobalSection(SolutionConfigurationPlatforms) = preSolution
		Debug|Any CPU = Debug|Any CPU
		Release|Any CPU = Release|Any CPU
	EndGlobalSection
	GlobalSection(ProjectConfigurationPlatforms) = postSolution
		{9D36E981-9824-4EE5-9C4B-0DC7C4C6ED88}.Debug|Any CPU.ActiveCfg = Debug|Any CPU
		{9D36E981-9824-4EE5-9C4B-0DC7C4C6ED88}.Debug|Any CPU.Build.0 = Debug|Any CPU
		{9D36E981-9824-4EE5-9C4B-0DC7C4C6ED88}.Release|Any CPU.ActiveCfg = Release|Any CPU
		{9D36E981-9824-4EE5-9C4B-0DC7C4C6ED88}.Release|Any CPU.Build.0 = Release|Any CPU
	EndGlobalSection
	GlobalSection(SolutionProperties) = preSolution
		HideSolutionNode = FALSE
	EndGlobalSection
	GlobalSection(ExtensibilityGlobals) = postSolution
		SolutionGuid = {56BF026F-EC43-42BB-AE8D-DEE73417F7F3}
	EndGlobalSection
EndGlobal
